
Microsoft Visual Studio Solution File, Format Version 12.00
# Visual Studio Express 2012 for Web
Project("{FAE04EC0-301F-11D3-BF4B-00C04F79EFBC}") = "VevoAPI", "VevoAPI\VevoAPI.csproj", "{D2D4EC68-6182-4C4C-9AAA-59D6DF447F0A}"
EndProject
Project("{FAE04EC0-301F-11D3-BF4B-00C04F79EFBC}") = "VevoAPI.Tests", "VevoAPI.Tests\VevoAPI.Tests.csproj", "{A244D7B6-CB9A-499A-B1C1-A7DA66649DCC}"
EndProject
Global
	GlobalSection(SolutionConfigurationPlatforms) = preSolution
		Debug|Any CPU = Debug|Any CPU
		Release|Any CPU = Release|Any CPU
	EndGlobalSection
	GlobalSection(ProjectConfigurationPlatforms) = postSolution
		{D2D4EC68-6182-4C4C-9AAA-59D6DF447F0A}.Debug|Any CPU.ActiveCfg = Debug|Any CPU
		{D2D4EC68-6182-4C4C-9AAA-59D6DF447F0A}.Debug|Any CPU.Build.0 = Debug|Any CPU
		{D2D4EC68-6182-4C4C-9AAA-59D6DF447F0A}.Release|Any CPU.ActiveCfg = Release|Any CPU
		{D2D4EC68-6182-4C4C-9AAA-59D6DF447F0A}.Release|Any CPU.Build.0 = Release|Any CPU
		{A244D7B6-CB9A-499A-B1C1-A7DA66649DCC}.Debug|Any CPU.ActiveCfg = Debug|Any CPU
		{A244D7B6-CB9A-499A-B1C1-A7DA66649DCC}.Debug|Any CPU.Build.0 = Debug|Any CPU
		{A244D7B6-CB9A-499A-B1C1-A7DA66649DCC}.Release|Any CPU.ActiveCfg = Release|Any CPU
		{A244D7B6-CB9A-499A-B1C1-A7DA66649DCC}.Release|Any CPU.Build.0 = Release|Any CPU
	EndGlobalSection
	GlobalSection(SolutionProperties) = preSolution
		HideSolutionNode = FALSE
	EndGlobalSection
EndGlobal
